
Microsoft Visual Studio Solution File, Format Version 12.00
Project("{FAE04EC0-301F-11D3-BF4B-00C04F79EFBC}") = "EF8GlobalFilters", "EF8GlobalFilters.csproj", "{0BB1D06E-E3A6-4CA6-997E-2B03B9C8C318}"
EndProject
Global
	GlobalSection(SolutionConfigurationPlatforms) = preSolution
		Debug|Any CPU = Debug|Any CPU
		Release|Any CPU = Release|Any CPU
	EndGlobalSection
	GlobalSection(ProjectConfigurationPlatforms) = postSolution
		{0BB1D06E-E3A6-4CA6-997E-2B03B9C8C318}.Debug|Any CPU.ActiveCfg = Debug|Any CPU
		{0BB1D06E-E3A6-4CA6-997E-2B03B9C8C318}.Debug|Any CPU.Build.0 = Debug|Any CPU
		{0BB1D06E-E3A6-4CA6-997E-2B03B9C8C318}.Release|Any CPU.ActiveCfg = Release|Any CPU
		{0BB1D06E-E3A6-4CA6-997E-2B03B9C8C318}.Release|Any CPU.Build.0 = Release|Any CPU
	EndGlobalSection
EndGlobal
